
Microsoft Visual Studio Solution File, Format Version 12.00
# Visual Studio Version 17
VisualStudioVersion = 17.0.31903.59
MinimumVisualStudioVersion = 10.0.40219.1
Project("{2150E333-8FDC-42A3-9474-1A3956D46DE8}") = "backend", "backend", "{1AE8ACA6-933B-BF2A-3671-3E2EAC007D16}"
EndProject
Project("{2150E333-8FDC-42A3-9474-1A3956D46DE8}") = "src", "src", "{0F9113EE-888A-26D2-68B0-4A7D0A2A8745}"
EndProject
Project("{2150E333-8FDC-42A3-9474-1A3956D46DE8}") = "Domain", "Domain", "{F32722EB-BA92-14D5-7A95-09E8C4628122}"
EndProject
Project("{FAE04EC0-301F-11D3-BF4B-00C04F79EFBC}") = "Taskflow.Domain", "backend\src\Domain\Taskflow.Domain.csproj", "{6CA2E5DA-9EE4-4468-8EA9-C4C1DAFA45CE}"
EndProject
Project("{FAE04EC0-301F-11D3-BF4B-00C04F79EFBC}") = "Taskflow.Application", "backend\src\Application\Taskflow.Application.csproj", "{E5AEA463-CBD4-479B-BA81-408F462BC52A}"
EndProject
Project("{FAE04EC0-301F-11D3-BF4B-00C04F79EFBC}") = "Taskflow.Infrastructure", "backend\src\Infrastructure\Taskflow.Infrastructure.csproj", "{FCDD4E7F-938F-4B35-A973-01FE8635F869}"
EndProject
Project("{FAE04EC0-301F-11D3-BF4B-00C04F79EFBC}") = "Taskflow.WebApi", "backend\src\WebApi\Taskflow.WebApi.csproj", "{5D94EC80-D026-4D78-8D31-80549922DFED}"
EndProject
Project("{2150E333-8FDC-42A3-9474-1A3956D46DE8}") = "tests", "tests", "{F57642F3-C37C-D174-720E-6A6AAD5BEE22}"
EndProject
Project("{FAE04EC0-301F-11D3-BF4B-00C04F79EFBC}") = "Taskflow.Application.Tests", "backend\tests\Taskflow.Application.Tests\Taskflow.Application.Tests.csproj", "{5AF8D4E5-C7B1-4CC7-AD87-A8D35BA55C7B}"
EndProject
Global
	GlobalSection(SolutionConfigurationPlatforms) = preSolution
		Debug|Any CPU = Debug|Any CPU
		Debug|x64 = Debug|x64
		Debug|x86 = Debug|x86
		Release|Any CPU = Release|Any CPU
		Release|x64 = Release|x64
		Release|x86 = Release|x86
	EndGlobalSection
	GlobalSection(ProjectConfigurationPlatforms) = postSolution
		{6CA2E5DA-9EE4-4468-8EA9-C4C1DAFA45CE}.Debug|Any CPU.ActiveCfg = Debug|Any CPU
		{6CA2E5DA-9EE4-4468-8EA9-C4C1DAFA45CE}.Debug|Any CPU.Build.0 = Debug|Any CPU
		{6CA2E5DA-9EE4-4468-8EA9-C4C1DAFA45CE}.Debug|x64.ActiveCfg = Debug|Any CPU
		{6CA2E5DA-9EE4-4468-8EA9-C4C1DAFA45CE}.Debug|x64.Build.0 = Debug|Any CPU
		{6CA2E5DA-9EE4-4468-8EA9-C4C1DAFA45CE}.Debug|x86.ActiveCfg = Debug|Any CPU
		{6CA2E5DA-9EE4-4468-8EA9-C4C1DAFA45CE}.Debug|x86.Build.0 = Debug|Any CPU
		{6CA2E5DA-9EE4-4468-8EA9-C4C1DAFA45CE}.Release|Any CPU.ActiveCfg = Release|Any CPU
		{6CA2E5DA-9EE4-4468-8EA9-C4C1DAFA45CE}.Release|Any CPU.Build.0 = Release|Any CPU
		{6CA2E5DA-9EE4-4468-8EA9-C4C1DAFA45CE}.Release|x64.ActiveCfg = Release|Any CPU
		{6CA2E5DA-9EE4-4468-8EA9-C4C1DAFA45CE}.Release|x64.Build.0 = Release|Any CPU
		{6CA2E5DA-9EE4-4468-8EA9-C4C1DAFA45CE}.Release|x86.ActiveCfg = Release|Any CPU
		{6CA2E5DA-9EE4-4468-8EA9-C4C1DAFA45CE}.Release|x86.Build.0 = Release|Any CPU
		{E5AEA463-CBD4-479B-BA81-408F462BC52A}.Debug|Any CPU.ActiveCfg = Debug|Any CPU
		{E5AEA463-CBD4-479B-BA81-408F462BC52A}.Debug|Any CPU.Build.0 = Debug|Any CPU
		{E5AEA463-CBD4-479B-BA81-408F462BC52A}.Debug|x64.ActiveCfg = Debug|Any CPU
		{E5AEA463-CBD4-479B-BA81-408F462BC52A}.Debug|x64.Build.0 = Debug|Any CPU
		{E5AEA463-CBD4-479B-BA81-408F462BC52A}.Debug|x86.ActiveCfg = Debug|Any CPU
		{E5AEA463-CBD4-479B-BA81-408F462BC52A}.Debug|x86.Build.0 = Debug|Any CPU
		{E5AEA463-CBD4-479B-BA81-408F462BC52A}.Release|Any CPU.ActiveCfg = Release|Any CPU
		{E5AEA463-CBD4-479B-BA81-408F462BC52A}.Release|Any CPU.Build.0 = Release|Any CPU
		{E5AEA463-CBD4-479B-BA81-408F462BC52A}.Release|x64.ActiveCfg = Release|Any CPU
		{E5AEA463-CBD4-479B-BA81-408F462BC52A}.Release|x64.Build.0 = Release|Any CPU
		{E5AEA463-CBD4-479B-BA81-408F462BC52A}.Release|x86.ActiveCfg = Release|Any CPU
		{E5AEA463-CBD4-479B-BA81-408F462BC52A}.Release|x86.Build.0 = Release|Any CPU
		{FCDD4E7F-938F-4B35-A973-01FE8635F869}.Debug|Any CPU.ActiveCfg = Debug|Any CPU
		{FCDD4E7F-938F-4B35-A973-01FE8635F869}.Debug|Any CPU.Build.0 = Debug|Any CPU
		{FCDD4E7F-938F-4B35-A973-01FE8635F869}.Debug|x64.ActiveCfg = Debug|Any CPU
		{FCDD4E7F-938F-4B35-A973-01FE8635F869}.Debug|x64.Build.0 = Debug|Any CPU
		{FCDD4E7F-938F-4B35-A973-01FE8635F869}.Debug|x86.ActiveCfg = Debug|Any CPU
		{FCDD4E7F-938F-4B35-A973-01FE8635F869}.Debug|x86.Build.0 = Debug|Any CPU
		{FCDD4E7F-938F-4B35-A973-01FE8635F869}.Release|Any CPU.ActiveCfg = Release|Any CPU
		{FCDD4E7F-938F-4B35-A973-01FE8635F869}.Release|Any CPU.Build.0 = Release|Any CPU
		{FCDD4E7F-938F-4B35-A973-01FE8635F869}.Release|x64.ActiveCfg = Release|Any CPU
		{FCDD4E7F-938F-4B35-A973-01FE8635F869}.Release|x64.Build.0 = Release|Any CPU
		{FCDD4E7F-938F-4B35-A973-01FE8635F869}.Release|x86.ActiveCfg = Release|Any CPU
		{FCDD4E7F-938F-4B35-A973-01FE8635F869}.Release|x86.Build.0 = Release|Any CPU
		{5D94EC80-D026-4D78-8D31-80549922DFED}.Debug|Any CPU.ActiveCfg = Debug|Any CPU
		{5D94EC80-D026-4D78-8D31-80549922DFED}.Debug|Any CPU.Build.0 = Debug|Any CPU
		{5D94EC80-D026-4D78-8D31-80549922DFED}.Debug|x64.ActiveCfg = Debug|Any CPU
		{5D94EC80-D026-4D78-8D31-80549922DFED}.Debug|x64.Build.0 = Debug|Any CPU
		{5D94EC80-D026-4D78-8D31-80549922DFED}.Debug|x86.ActiveCfg = Debug|Any CPU
		{5D94EC80-D026-4D78-8D31-80549922DFED}.Debug|x86.Build.0 = Debug|Any CPU
		{5D94EC80-D026-4D78-8D31-80549922DFED}.Release|Any CPU.ActiveCfg = Release|Any CPU
		{5D94EC80-D026-4D78-8D31-80549922DFED}.Release|Any CPU.Build.0 = Release|Any CPU
		{5D94EC80-D026-4D78-8D31-80549922DFED}.Release|x64.ActiveCfg = Release|Any CPU
		{5D94EC80-D026-4D78-8D31-80549922DFED}.Release|x64.Build.0 = Release|Any CPU
		{5D94EC80-D026-4D78-8D31-80549922DFED}.Release|x86.ActiveCfg = Release|Any CPU
		{5D94EC80-D026-4D78-8D31-80549922DFED}.Release|x86.Build.0 = Release|Any CPU
		{5AF8D4E5-C7B1-4CC7-AD87-A8D35BA55C7B}.Debug|Any CPU.ActiveCfg = Debug|Any CPU
		{5AF8D4E5-C7B1-4CC7-AD87-A8D35BA55C7B}.Debug|Any CPU.Build.0 = Debug|Any CPU
		{5AF8D4E5-C7B1-4CC7-AD87-A8D35BA55C7B}.Debug|x64.ActiveCfg = Debug|Any CPU
		{5AF8D4E5-C7B1-4CC7-AD87-A8D35BA55C7B}.Debug|x64.Build.0 = Debug|Any CPU
		{5AF8D4E5-C7B1-4CC7-AD87-A8D35BA55C7B}.Debug|x86.ActiveCfg = Debug|Any CPU
		{5AF8D4E5-C7B1-4CC7-AD87-A8D35BA55C7B}.Debug|x86.Build.0 = Debug|Any CPU
		{5AF8D4E5-C7B1-4CC7-AD87-A8D35BA55C7B}.Release|Any CPU.ActiveCfg = Release|Any CPU
		{5AF8D4E5-C7B1-4CC7-AD87-A8D35BA55C7B}.Release|Any CPU.Build.0 = Release|Any CPU
		{5AF8D4E5-C7B1-4CC7-AD87-A8D35BA55C7B}.Release|x64.ActiveCfg = Release|Any CPU
		{5AF8D4E5-C7B1-4CC7-AD87-A8D35BA55C7B}.Release|x64.Build.0 = Release|Any CPU
		{5AF8D4E5-C7B1-4CC7-AD87-A8D35BA55C7B}.Release|x86.ActiveCfg = Release|Any CPU
		{5AF8D4E5-C7B1-4CC7-AD87-A8D35BA55C7B}.Release|x86.Build.0 = Release|Any CPU
	EndGlobalSection
	GlobalSection(SolutionProperties) = preSolution
		HideSolutionNode = FALSE
	EndGlobalSection
	GlobalSection(NestedProjects) = preSolution
		{0F9113EE-888A-26D2-68B0-4A7D0A2A8745} = {1AE8ACA6-933B-BF2A-3671-3E2EAC007D16}
		{F32722EB-BA92-14D5-7A95-09E8C4628122} = {0F9113EE-888A-26D2-68B0-4A7D0A2A8745}
		{6CA2E5DA-9EE4-4468-8EA9-C4C1DAFA45CE} = {F32722EB-BA92-14D5-7A95-09E8C4628122}
		{E5AEA463-CBD4-479B-BA81-408F462BC52A} = {F32722EB-BA92-14D5-7A95-09E8C4628122}
		{FCDD4E7F-938F-4B35-A973-01FE8635F869} = {F32722EB-BA92-14D5-7A95-09E8C4628122}
		{5D94EC80-D026-4D78-8D31-80549922DFED} = {F32722EB-BA92-14D5-7A95-09E8C4628122}
		{F57642F3-C37C-D174-720E-6A6AAD5BEE22} = {1AE8ACA6-933B-BF2A-3671-3E2EAC007D16}
		{5AF8D4E5-C7B1-4CC7-AD87-A8D35BA55C7B} = {F57642F3-C37C-D174-720E-6A6AAD5BEE22}
	EndGlobalSection
EndGlobal
